// !$*UTF8*$!
{
	archiveVersion = 1;
	classes = {
	};
	objectVersion = 46;
	objects = {

/* Begin PBXBuildFile section */
		541175731DA4F34C00B33EEA /* AppDelegate.swift in Sources */ = {isa = PBXBuildFile; fileRef = 541175721DA4F34C00B33EEA /* AppDelegate.swift */; };
		541175751DA4F34C00B33EEA /* ViewController.swift in Sources */ = {isa = PBXBuildFile; fileRef = 541175741DA4F34C00B33EEA /* ViewController.swift */; };
		541175781DA4F34C00B33EEA /* Main.storyboard in Resources */ = {isa = PBXBuildFile; fileRef = 541175761DA4F34C00B33EEA /* Main.storyboard */; };
		5411757A1DA4F34C00B33EEA /* Assets.xcassets in Resources */ = {isa = PBXBuildFile; fileRef = 541175791DA4F34C00B33EEA /* Assets.xcassets */; };
		5411757D1DA4F34C00B33EEA /* LaunchScreen.storyboard in Resources */ = {isa = PBXBuildFile; fileRef = 5411757B1DA4F34C00B33EEA /* LaunchScreen.storyboard */; };
		541175851DA4F50100B33EEA /* Scene2ViewController.swift in Sources */ = {isa = PBXBuildFile; fileRef = 541175841DA4F50100B33EEA /* Scene2ViewController.swift */; };
		541175871DA4FF8100B33EEA /* aboutMe.swift in Sources */ = {isa = PBXBuildFile; fileRef = 541175861DA4FF8100B33EEA /* aboutMe.swift */; };
/* End PBXBuildFile section */

/* Begin PBXFileReference section */
		5411756F1DA4F34C00B33EEA /* labFour.app */ = {isa = PBXFileReference; explicitFileType = wrapper.application; includeInIndex = 0; path = labFour.app; sourceTree = BUILT_PRODUCTS_DIR; };
		541175721DA4F34C00B33EEA /* AppDelegate.swift */ = {isa = PBXFileReference; lastKnownFileType = sourcecode.swift; path = AppDelegate.swift; sourceTree = "<group>"; };
		541175741DA4F34C00B33EEA /* ViewController.swift */ = {isa = PBXFileReference; lastKnownFileType = sourcecode.swift; path = ViewController.swift; sourceTree = "<group>"; };
		541175771DA4F34C00B33EEA /* Base */ = {isa = PBXFileReference; lastKnownFileType = file.storyboard; name = Base; path = Base.lproj/Main.storyboard; sourceTree = "<group>"; };
		541175791DA4F34C00B33EEA /* Assets.xcassets */ = {isa = PBXFileReference; lastKnownFileType = folder.assetcatalog; path = Assets.xcassets; sourceTree = "<group>"; };
		5411757C1DA4F34C00B33EEA /* Base */ = {isa = PBXFileReference; lastKnownFileType = file.storyboard; name = Base; path = Base.lproj/LaunchScreen.storyboard; sourceTree = "<group>"; };
		5411757E1DA4F34C00B33EEA /* Info.plist */ = {isa = PBXFileReference; lastKnownFileType = text.plist.xml; path = Info.plist; sourceTree = "<group>"; };
		541175841DA4F50100B33EEA /* Scene2ViewController.swift */ = {isa = PBXFileReference; fileEncoding = 4; lastKnownFileType = sourcecode.swift; path = Scene2ViewController.swift; sourceTree = "<group>"; };
		541175861DA4FF8100B33EEA /* aboutMe.swift */ = {isa = PBXFileReference; fileEncoding = 4; lastKnownFileType = sourcecode.swift; path = aboutMe.swift; sourceTree = "<group>"; };
/* End PBXFileReference section */

/* Begin PBXFrameworksBuildPhase section */
		5411756C1DA4F34C00B33EEA /* Frameworks */ = {
			isa = PBXFrameworksBuildPhase;
			buildActionMask = 2147483647;
			files = (
			);
			runOnlyForDeploymentPostprocessing = 0;
		};
/* End PBXFrameworksBuildPhase section */

/* Begin PBXGroup section */
		541175661DA4F34C00B33EEA = {
			isa = PBXGroup;
			children = (
				541175711DA4F34C00B33EEA /* labFour */,
				541175701DA4F34C00B33EEA /* Products */,
			);
			sourceTree = "<group>";
		};
		541175701DA4F34C00B33EEA /* Products */ = {
			isa = PBXGroup;
			children = (
				5411756F1DA4F34C00B33EEA /* labFour.app */,
			);
			name = Products;
			sourceTree = "<group>";
		};
		541175711DA4F34C00B33EEA /* labFour */ = {
			isa = PBXGroup;
			children = (
				541175721DA4F34C00B33EEA /* AppDelegate.swift */,
				541175741DA4F34C00B33EEA /* ViewController.swift */,
				541175761DA4F34C00B33EEA /* Main.storyboard */,
				541175861DA4FF8100B33EEA /* aboutMe.swift */,
				541175841DA4F50100B33EEA /* Scene2ViewController.swift */,
				541175791DA4F34C00B33EEA /* Assets.xcassets */,
				5411757B1DA4F34C00B33EEA /* LaunchScreen.storyboard */,
				5411757E1DA4F34C00B33EEA /* Info.plist */,
			);
			path = labFour;
			sourceTree = "<group>";
		};
/* End PBXGroup section */

/* Begin PBXNativeTarget section */
		5411756E1DA4F34C00B33EEA /* labFour */ = {
			isa = PBXNativeTarget;
			buildConfigurationList = 541175811DA4F34C00B33EEA /* Build configuration list for PBXNativeTarget "labFour" */;
			buildPhases = (
				5411756B1DA4F34C00B33EEA /* Sources */,
				5411756C1DA4F34C00B33EEA /* Frameworks */,
				5411756D1DA4F34C00B33EEA /* Resources */,
			);
			buildRules = (
			);
			dependencies = (
			);
			name = labFour;
			productName = labFour;
			productReference = 5411756F1DA4F34C00B33EEA /* labFour.app */;
			productType = "com.apple.product-type.application";
		};
/* End PBXNativeTarget section */

/* Begin PBXProject section */
		541175671DA4F34C00B33EEA /* Project object */ = {
			isa = PBXProject;
			attributes = {
				LastSwiftUpdateCheck = 0730;
				LastUpgradeCheck = 0730;
				ORGANIZATIONNAME = "Susana Gomez-Burgos";
				TargetAttributes = {
					5411756E1DA4F34C00B33EEA = {
						CreatedOnToolsVersion = 7.3.1;
						DevelopmentTeam = LV49MWBH2U;
					};
				};
			};
			buildConfigurationList = 5411756A1DA4F34C00B33EEA /* Build configuration list for PBXProject "labFour" */;
			compatibilityVersion = "Xcode 3.2";
			developmentRegion = English;
			hasScannedForEncodings = 0;
			knownRegions = (
				en,
				Base,
			);
			mainGroup = 541175661DA4F34C00B33EEA;
			productRefGroup = 541175701DA4F34C00B33EEA /* Products */;
			projectDirPath = "";
			projectRoot = "";
			targets = (
				5411756E1DA4F34C00B33EEA /* labFour */,
			);
		};
/* End PBXProject section */

/* Begin PBXResourcesBuildPhase section */
		5411756D1DA4F34C00B33EEA /* Resources */ = {
			isa = PBXResourcesBuildPhase;
			buildActionMask = 2147483647;
			files = (
				5411757D1DA4F34C00B33EEA /* LaunchScreen.storyboard in Resources */,
				5411757A1DA4F34C00B33EEA /* Assets.xcassets in Resources */,
				541175781DA4F34C00B33EEA /* Main.storyboard in Resources */,
			);
			runOnlyForDeploymentPostprocessing = 0;
		};
/* End PBXResourcesBuildPhase section */

/* Begin PBXSourcesBuildPhase section */
		5411756B1DA4F34C00B33EEA /* Sources */ = {
			isa = PBXSourcesBuildPhase;
			buildActionMask = 2147483647;
			files = (
				541175751DA4F34C00B33EEA /* ViewController.swift in Sources */,
				541175871DA4FF8100B33EEA /* aboutMe.swift in Sources */,
				541175731DA4F34C00B33EEA /* AppDelegate.swift in Sources */,
				541175851DA4F50100B33EEA /* Scene2ViewController.swift in Sources */,
			);
			runOnlyForDeploymentPostprocessing = 0;
		};
/* End PBXSourcesBuildPhase section */

/* Begin PBXVariantGroup section */
		541175761DA4F34C00B33EEA /* Main.storyboard */ = {
			isa = PBXVariantGroup;
			children = (
				541175771DA4F34C00B33EEA /* Base */,
			);
			name = Main.storyboard;
			sourceTree = "<group>";
		};
		5411757B1DA4F34C00B33EEA /* LaunchScreen.storyboard */ = {
			isa = PBXVariantGroup;
			children = (
				5411757C1DA4F34C00B33EEA /* Base */,
			);
			name = LaunchScreen.storyboard;
			sourceTree = "<group>";
		};
/* End PBXVariantGroup section */

/* Begin XCBuildConfiguration section */
		5411757F1DA4F34C00B33EEA /* Debug */ = {
			isa = XCBuildConfiguration;
			buildSettings = {
				ALWAYS_SEARCH_USER_PATHS = NO;
				CLANG_ANALYZER_NONNULL = YES;
				CLANG_CXX_LANGUAGE_STANDARD = "gnu++0x";
				CLANG_CXX_LIBRARY = "libc++";
				CLANG_ENABLE_MODULES = YES;
				CLANG_ENABLE_OBJC_ARC = YES;
				CLANG_WARN_BOOL_CONVERSION = YES;
				CLANG_WARN_CONSTANT_CONVERSION = YES;
				CLANG_WARN_DIRECT_OBJC_ISA_USAGE = YES_ERROR;
				CLANG_WARN_EMPTY_BODY = YES;
				CLANG_WARN_ENUM_CONVERSION = YES;
				CLANG_WARN_INT_CONVERSION = YES;
				CLANG_WARN_OBJC_ROOT_CLASS = YES_ERROR;
				CLANG_WARN_UNREACHABLE_CODE = YES;
				CLANG_WARN__DUPLICATE_METHOD_MATCH = YES;
				"CODE_SIGN_IDENTITY[sdk=iphoneos*]" = "iPhone Developer";
				COPY_PHASE_STRIP = NO;
				DEBUG_INFORMATION_FORMAT = dwarf;
				ENABLE_STRICT_OBJC_MSGSEND = YES;
				ENABLE_TESTABILITY = YES;
				GCC_C_LANGUAGE_STANDARD = gnu99;
				GCC_DYNAMIC_NO_PIC = NO;
				GCC_NO_COMMON_BLOCKS = YES;
				GCC_OPTIMIZATION_LEVEL = 0;
				GCC_PREPROCESSOR_DEFINITIONS = (
					"DEBUG=1",
					"$(inherited)",
				);
				GCC_WARN_64_TO_32_BIT_CONVERSION = YES;
				GCC_WARN_ABOUT_RETURN_TYPE = YES_ERROR;
				GCC_WARN_UNDECLARED_SELECTOR = YES;
				GCC_WARN_UNINITIALIZED_AUTOS = YES_AGGRESSIVE;
				GCC_WARN_UNUSED_FUNCTION = YES;
				GCC_WARN_UNUSED_VARIABLE = YES;
				IPHONEOS_DEPLOYMENT_TARGET = 9.3;
				MTL_ENABLE_DEBUG_INFO = YES;
				ONLY_ACTIVE_ARCH = YES;
				SDKROOT = iphoneos;
				SWIFT_OPTIMIZATION_LEVEL = "-Onone";
				TARGETED_DEVICE_FAMILY = "1,2";
			};
			name = Debug;
		};
		541175801DA4F34C00B33EEA /* Release */ = {
			isa = XCBuildConfiguration;
			buildSettings = {
				ALWAYS_SEARCH_USER_PATHS = NO;
				CLANG_ANALYZER_NONNULL = YES;
				CLANG_CXX_LANGUAGE_STANDARD = "gnu++0x";
				CLANG_CXX_LIBRARY = "libc++";
				CLANG_ENABLE_MODULES = YES;
				CLANG_ENABLE_OBJC_ARC = YES;
				CLANG_WARN_BOOL_CONVERSION = YES;
				CLANG_WARN_CONSTANT_CONVERSION = YES;
				CLANG_WARN_DIRECT_OBJC_ISA_USAGE = YES_ERROR;
				CLANG_WARN_EMPTY_BODY = YES;
				CLANG_WARN_ENUM_CONVERSION = YES;
				CLANG_WARN_INT_CONVERSION = YES;
				CLANG_WARN_OBJC_ROOT_CLASS = YES_ERROR;
				CLANG_WARN_UNREACHABLE_CODE = YES;
				CLANG_WARN__DUPLICATE_METHOD_MATCH = YES;
				"CODE_SIGN_IDENTITY[sdk=iphoneos*]" = "iPhone Developer";
				COPY_PHASE_STRIP = NO;
				DEBUG_INFORMATION_FORMAT = "dwarf-with-dsym";
				ENABLE_NS_ASSERTIONS = NO;
				ENABLE_STRICT_OBJC_MSGSEND = YES;
				GCC_C_LANGUAGE_STANDARD = gnu99;
				GCC_NO_COMMON_BLOCKS = YES;
				GCC_WARN_64_TO_32_BIT_CONVERSION = YES;
				GCC_WARN_ABOUT_RETURN_TYPE = YES_ERROR;
				GCC_WARN_UNDECLARED_SELECTOR = YES;
				GCC_WARN_UNINITIALIZED_AUTOS = YES_AGGRESSIVE;
				GCC_WARN_UNUSED_FUNCTION = YES;
				GCC_WARN_UNUSED_VARIABLE = YES;
				IPHONEOS_DEPLOYMENT_TARGET = 9.3;
				MTL_ENABLE_DEBUG_INFO = NO;
				SDKROOT = iphoneos;
				TARGETED_DEVICE_FAMILY = "1,2";
				VALIDATE_PRODUCT = YES;
			};
			name = Release;
		};
		541175821DA4F34C00B33EEA /* Debug */ = {
			isa = XCBuildConfiguration;
			buildSettings = {
				ASSETCATALOG_COMPILER_APPICON_NAME = AppIcon;
				CODE_SIGN_IDENTITY = "iPhone Developer";
				"CODE_SIGN_IDENTITY[sdk=iphoneos*]" = "iPhone Developer";
				INFOPLIST_FILE = labFour/Info.plist;
				LD_RUNPATH_SEARCH_PATHS = "$(inherited) @executable_path/Frameworks";
				PRODUCT_BUNDLE_IDENTIFIER = "CU-ATLAS.labFour";
				PRODUCT_NAME = "$(TARGET_NAME)";
				PROVISIONING_PROFILE = "";
			};
			name = Debug;
		};
		541175831DA4F34C00B33EEA /* Release */ = {
			isa = XCBuildConfiguration;
			buildSettings = {
				ASSETCATALOG_COMPILER_APPICON_NAME = AppIcon;
				CODE_SIGN_IDENTITY = "iPhone Developer";
				"CODE_SIGN_IDENTITY[sdk=iphoneos*]" = "iPhone Developer";
				INFOPLIST_FILE = labFour/Info.plist;
				LD_RUNPATH_SEARCH_PATHS = "$(inherited) @executable_path/Frameworks";
				PRODUCT_BUNDLE_IDENTIFIER = "CU-ATLAS.labFour";
				PRODUCT_NAME = "$(TARGET_NAME)";
				PROVISIONING_PROFILE = "";
			};
			name = Release;
		};
/* End XCBuildConfiguration section */

/* Begin XCConfigurationList section */
		5411756A1DA4F34C00B33EEA /* Build configuration list for PBXProject "labFour" */ = {
			isa = XCConfigurationList;
			buildConfigurations = (
				5411757F1DA4F34C00B33EEA /* Debug */,
				541175801DA4F34C00B33EEA /* Release */,
			);
			defaultConfigurationIsVisible = 0;
			defaultConfigurationName = Release;
		};
		541175811DA4F34C00B33EEA /* Build configuration list for PBXNativeTarget "labFour" */ = {
			isa = XCConfigurationList;
			buildConfigurations = (
				541175821DA4F34C00B33EEA /* Debug */,
				541175831DA4F34C00B33EEA /* Release */,
			);
			defaultConfigurationIsVisible = 0;
		};
/* End XCConfigurationList section */
	};
	rootObject = 541175671DA4F34C00B33EEA /* Project object */;
}
