// !$*UTF8*$!
{
	archiveVersion = 1;
	classes = {
	};
	objectVersion = 46;
	objects = {

/* Begin PBXBuildFile section */
		542084D51D80E1A0005A2F0A /* AppDelegate.swift in Sources */ = {isa = PBXBuildFile; fileRef = 542084D41D80E1A0005A2F0A /* AppDelegate.swift */; };
		542084D71D80E1A0005A2F0A /* ViewController.swift in Sources */ = {isa = PBXBuildFile; fileRef = 542084D61D80E1A0005A2F0A /* ViewController.swift */; };
		542084DA1D80E1A0005A2F0A /* Main.storyboard in Resources */ = {isa = PBXBuildFile; fileRef = 542084D81D80E1A0005A2F0A /* Main.storyboard */; };
		542084DC1D80E1A0005A2F0A /* Assets.xcassets in Resources */ = {isa = PBXBuildFile; fileRef = 542084DB1D80E1A0005A2F0A /* Assets.xcassets */; };
		542084DF1D80E1A0005A2F0A /* LaunchScreen.storyboard in Resources */ = {isa = PBXBuildFile; fileRef = 542084DD1D80E1A0005A2F0A /* LaunchScreen.storyboard */; };
		542084EA1D80E1A0005A2F0A /* labOneTests.swift in Sources */ = {isa = PBXBuildFile; fileRef = 542084E91D80E1A0005A2F0A /* labOneTests.swift */; };
		542084F51D80E1A0005A2F0A /* labOneUITests.swift in Sources */ = {isa = PBXBuildFile; fileRef = 542084F41D80E1A0005A2F0A /* labOneUITests.swift */; };
/* End PBXBuildFile section */

/* Begin PBXContainerItemProxy section */
		542084E61D80E1A0005A2F0A /* PBXContainerItemProxy */ = {
			isa = PBXContainerItemProxy;
			containerPortal = 542084C91D80E1A0005A2F0A /* Project object */;
			proxyType = 1;
			remoteGlobalIDString = 542084D01D80E1A0005A2F0A;
			remoteInfo = labOne;
		};
		542084F11D80E1A0005A2F0A /* PBXContainerItemProxy */ = {
			isa = PBXContainerItemProxy;
			containerPortal = 542084C91D80E1A0005A2F0A /* Project object */;
			proxyType = 1;
			remoteGlobalIDString = 542084D01D80E1A0005A2F0A;
			remoteInfo = labOne;
		};
/* End PBXContainerItemProxy section */

/* Begin PBXFileReference section */
		542084D11D80E1A0005A2F0A /* labOne.app */ = {isa = PBXFileReference; explicitFileType = wrapper.application; includeInIndex = 0; path = labOne.app; sourceTree = BUILT_PRODUCTS_DIR; };
		542084D41D80E1A0005A2F0A /* AppDelegate.swift */ = {isa = PBXFileReference; lastKnownFileType = sourcecode.swift; path = AppDelegate.swift; sourceTree = "<group>"; };
		542084D61D80E1A0005A2F0A /* ViewController.swift */ = {isa = PBXFileReference; lastKnownFileType = sourcecode.swift; path = ViewController.swift; sourceTree = "<group>"; };
		542084D91D80E1A0005A2F0A /* Base */ = {isa = PBXFileReference; lastKnownFileType = file.storyboard; name = Base; path = Base.lproj/Main.storyboard; sourceTree = "<group>"; };
		542084DB1D80E1A0005A2F0A /* Assets.xcassets */ = {isa = PBXFileReference; lastKnownFileType = folder.assetcatalog; path = Assets.xcassets; sourceTree = "<group>"; };
		542084DE1D80E1A0005A2F0A /* Base */ = {isa = PBXFileReference; lastKnownFileType = file.storyboard; name = Base; path = Base.lproj/LaunchScreen.storyboard; sourceTree = "<group>"; };
		542084E01D80E1A0005A2F0A /* Info.plist */ = {isa = PBXFileReference; lastKnownFileType = text.plist.xml; path = Info.plist; sourceTree = "<group>"; };
		542084E51D80E1A0005A2F0A /* labOneTests.xctest */ = {isa = PBXFileReference; explicitFileType = wrapper.cfbundle; includeInIndex = 0; path = labOneTests.xctest; sourceTree = BUILT_PRODUCTS_DIR; };
		542084E91D80E1A0005A2F0A /* labOneTests.swift */ = {isa = PBXFileReference; lastKnownFileType = sourcecode.swift; path = labOneTests.swift; sourceTree = "<group>"; };
		542084EB1D80E1A0005A2F0A /* Info.plist */ = {isa = PBXFileReference; lastKnownFileType = text.plist.xml; path = Info.plist; sourceTree = "<group>"; };
		542084F01D80E1A0005A2F0A /* labOneUITests.xctest */ = {isa = PBXFileReference; explicitFileType = wrapper.cfbundle; includeInIndex = 0; path = labOneUITests.xctest; sourceTree = BUILT_PRODUCTS_DIR; };
		542084F41D80E1A0005A2F0A /* labOneUITests.swift */ = {isa = PBXFileReference; lastKnownFileType = sourcecode.swift; path = labOneUITests.swift; sourceTree = "<group>"; };
		542084F61D80E1A0005A2F0A /* Info.plist */ = {isa = PBXFileReference; lastKnownFileType = text.plist.xml; path = Info.plist; sourceTree = "<group>"; };
/* End PBXFileReference section */

/* Begin PBXFrameworksBuildPhase section */
		542084CE1D80E1A0005A2F0A /* Frameworks */ = {
			isa = PBXFrameworksBuildPhase;
			buildActionMask = 2147483647;
			files = (
			);
			runOnlyForDeploymentPostprocessing = 0;
		};
		542084E21D80E1A0005A2F0A /* Frameworks */ = {
			isa = PBXFrameworksBuildPhase;
			buildActionMask = 2147483647;
			files = (
			);
			runOnlyForDeploymentPostprocessing = 0;
		};
		542084ED1D80E1A0005A2F0A /* Frameworks */ = {
			isa = PBXFrameworksBuildPhase;
			buildActionMask = 2147483647;
			files = (
			);
			runOnlyForDeploymentPostprocessing = 0;
		};
/* End PBXFrameworksBuildPhase section */

/* Begin PBXGroup section */
		542084C81D80E1A0005A2F0A = {
			isa = PBXGroup;
			children = (
				542084D31D80E1A0005A2F0A /* labOne */,
				542084E81D80E1A0005A2F0A /* labOneTests */,
				542084F31D80E1A0005A2F0A /* labOneUITests */,
				542084D21D80E1A0005A2F0A /* Products */,
			);
			sourceTree = "<group>";
		};
		542084D21D80E1A0005A2F0A /* Products */ = {
			isa = PBXGroup;
			children = (
				542084D11D80E1A0005A2F0A /* labOne.app */,
				542084E51D80E1A0005A2F0A /* labOneTests.xctest */,
				542084F01D80E1A0005A2F0A /* labOneUITests.xctest */,
			);
			name = Products;
			sourceTree = "<group>";
		};
		542084D31D80E1A0005A2F0A /* labOne */ = {
			isa = PBXGroup;
			children = (
				542084D41D80E1A0005A2F0A /* AppDelegate.swift */,
				542084D61D80E1A0005A2F0A /* ViewController.swift */,
				542084D81D80E1A0005A2F0A /* Main.storyboard */,
				542084DB1D80E1A0005A2F0A /* Assets.xcassets */,
				542084DD1D80E1A0005A2F0A /* LaunchScreen.storyboard */,
				542084E01D80E1A0005A2F0A /* Info.plist */,
			);
			path = labOne;
			sourceTree = "<group>";
		};
		542084E81D80E1A0005A2F0A /* labOneTests */ = {
			isa = PBXGroup;
			children = (
				542084E91D80E1A0005A2F0A /* labOneTests.swift */,
				542084EB1D80E1A0005A2F0A /* Info.plist */,
			);
			path = labOneTests;
			sourceTree = "<group>";
		};
		542084F31D80E1A0005A2F0A /* labOneUITests */ = {
			isa = PBXGroup;
			children = (
				542084F41D80E1A0005A2F0A /* labOneUITests.swift */,
				542084F61D80E1A0005A2F0A /* Info.plist */,
			);
			path = labOneUITests;
			sourceTree = "<group>";
		};
/* End PBXGroup section */

/* Begin PBXNativeTarget section */
		542084D01D80E1A0005A2F0A /* labOne */ = {
			isa = PBXNativeTarget;
			buildConfigurationList = 542084F91D80E1A0005A2F0A /* Build configuration list for PBXNativeTarget "labOne" */;
			buildPhases = (
				542084CD1D80E1A0005A2F0A /* Sources */,
				542084CE1D80E1A0005A2F0A /* Frameworks */,
				542084CF1D80E1A0005A2F0A /* Resources */,
			);
			buildRules = (
			);
			dependencies = (
			);
			name = labOne;
			productName = labOne;
			productReference = 542084D11D80E1A0005A2F0A /* labOne.app */;
			productType = "com.apple.product-type.application";
		};
		542084E41D80E1A0005A2F0A /* labOneTests */ = {
			isa = PBXNativeTarget;
			buildConfigurationList = 542084FC1D80E1A0005A2F0A /* Build configuration list for PBXNativeTarget "labOneTests" */;
			buildPhases = (
				542084E11D80E1A0005A2F0A /* Sources */,
				542084E21D80E1A0005A2F0A /* Frameworks */,
				542084E31D80E1A0005A2F0A /* Resources */,
			);
			buildRules = (
			);
			dependencies = (
				542084E71D80E1A0005A2F0A /* PBXTargetDependency */,
			);
			name = labOneTests;
			productName = labOneTests;
			productReference = 542084E51D80E1A0005A2F0A /* labOneTests.xctest */;
			productType = "com.apple.product-type.bundle.unit-test";
		};
		542084EF1D80E1A0005A2F0A /* labOneUITests */ = {
			isa = PBXNativeTarget;
			buildConfigurationList = 542084FF1D80E1A0005A2F0A /* Build configuration list for PBXNativeTarget "labOneUITests" */;
			buildPhases = (
				542084EC1D80E1A0005A2F0A /* Sources */,
				542084ED1D80E1A0005A2F0A /* Frameworks */,
				542084EE1D80E1A0005A2F0A /* Resources */,
			);
			buildRules = (
			);
			dependencies = (
				542084F21D80E1A0005A2F0A /* PBXTargetDependency */,
			);
			name = labOneUITests;
			productName = labOneUITests;
			productReference = 542084F01D80E1A0005A2F0A /* labOneUITests.xctest */;
			productType = "com.apple.product-type.bundle.ui-testing";
		};
/* End PBXNativeTarget section */

/* Begin PBXProject section */
		542084C91D80E1A0005A2F0A /* Project object */ = {
			isa = PBXProject;
			attributes = {
				LastSwiftUpdateCheck = 0730;
				LastUpgradeCheck = 0730;
				ORGANIZATIONNAME = "Susana Gomez-Burgos";
				TargetAttributes = {
					542084D01D80E1A0005A2F0A = {
						CreatedOnToolsVersion = 7.3.1;
					};
					542084E41D80E1A0005A2F0A = {
						CreatedOnToolsVersion = 7.3.1;
						TestTargetID = 542084D01D80E1A0005A2F0A;
					};
					542084EF1D80E1A0005A2F0A = {
						CreatedOnToolsVersion = 7.3.1;
						TestTargetID = 542084D01D80E1A0005A2F0A;
					};
				};
			};
			buildConfigurationList = 542084CC1D80E1A0005A2F0A /* Build configuration list for PBXProject "labOne" */;
			compatibilityVersion = "Xcode 3.2";
			developmentRegion = English;
			hasScannedForEncodings = 0;
			knownRegions = (
				en,
				Base,
			);
			mainGroup = 542084C81D80E1A0005A2F0A;
			productRefGroup = 542084D21D80E1A0005A2F0A /* Products */;
			projectDirPath = "";
			projectRoot = "";
			targets = (
				542084D01D80E1A0005A2F0A /* labOne */,
				542084E41D80E1A0005A2F0A /* labOneTests */,
				542084EF1D80E1A0005A2F0A /* labOneUITests */,
			);
		};
/* End PBXProject section */

/* Begin PBXResourcesBuildPhase section */
		542084CF1D80E1A0005A2F0A /* Resources */ = {
			isa = PBXResourcesBuildPhase;
			buildActionMask = 2147483647;
			files = (
				542084DF1D80E1A0005A2F0A /* LaunchScreen.storyboard in Resources */,
				542084DC1D80E1A0005A2F0A /* Assets.xcassets in Resources */,
				542084DA1D80E1A0005A2F0A /* Main.storyboard in Resources */,
			);
			runOnlyForDeploymentPostprocessing = 0;
		};
		542084E31D80E1A0005A2F0A /* Resources */ = {
			isa = PBXResourcesBuildPhase;
			buildActionMask = 2147483647;
			files = (
			);
			runOnlyForDeploymentPostprocessing = 0;
		};
		542084EE1D80E1A0005A2F0A /* Resources */ = {
			isa = PBXResourcesBuildPhase;
			buildActionMask = 2147483647;
			files = (
			);
			runOnlyForDeploymentPostprocessing = 0;
		};
/* End PBXResourcesBuildPhase section */

/* Begin PBXSourcesBuildPhase section */
		542084CD1D80E1A0005A2F0A /* Sources */ = {
			isa = PBXSourcesBuildPhase;
			buildActionMask = 2147483647;
			files = (
				542084D71D80E1A0005A2F0A /* ViewController.swift in Sources */,
				542084D51D80E1A0005A2F0A /* AppDelegate.swift in Sources */,
			);
			runOnlyForDeploymentPostprocessing = 0;
		};
		542084E11D80E1A0005A2F0A /* Sources */ = {
			isa = PBXSourcesBuildPhase;
			buildActionMask = 2147483647;
			files = (
				542084EA1D80E1A0005A2F0A /* labOneTests.swift in Sources */,
			);
			runOnlyForDeploymentPostprocessing = 0;
		};
		542084EC1D80E1A0005A2F0A /* Sources */ = {
			isa = PBXSourcesBuildPhase;
			buildActionMask = 2147483647;
			files = (
				542084F51D80E1A0005A2F0A /* labOneUITests.swift in Sources */,
			);
			runOnlyForDeploymentPostprocessing = 0;
		};
/* End PBXSourcesBuildPhase section */

/* Begin PBXTargetDependency section */
		542084E71D80E1A0005A2F0A /* PBXTargetDependency */ = {
			isa = PBXTargetDependency;
			target = 542084D01D80E1A0005A2F0A /* labOne */;
			targetProxy = 542084E61D80E1A0005A2F0A /* PBXContainerItemProxy */;
		};
		542084F21D80E1A0005A2F0A /* PBXTargetDependency */ = {
			isa = PBXTargetDependency;
			target = 542084D01D80E1A0005A2F0A /* labOne */;
			targetProxy = 542084F11D80E1A0005A2F0A /* PBXContainerItemProxy */;
		};
/* End PBXTargetDependency section */

/* Begin PBXVariantGroup section */
		542084D81D80E1A0005A2F0A /* Main.storyboard */ = {
			isa = PBXVariantGroup;
			children = (
				542084D91D80E1A0005A2F0A /* Base */,
			);
			name = Main.storyboard;
			sourceTree = "<group>";
		};
		542084DD1D80E1A0005A2F0A /* LaunchScreen.storyboard */ = {
			isa = PBXVariantGroup;
			children = (
				542084DE1D80E1A0005A2F0A /* Base */,
			);
			name = LaunchScreen.storyboard;
			sourceTree = "<group>";
		};
/* End PBXVariantGroup section */

/* Begin XCBuildConfiguration section */
		542084F71D80E1A0005A2F0A /* Debug */ = {
			isa = XCBuildConfiguration;
			buildSettings = {
				ALWAYS_SEARCH_USER_PATHS = NO;
				CLANG_ANALYZER_NONNULL = YES;
				CLANG_CXX_LANGUAGE_STANDARD = "gnu++0x";
				CLANG_CXX_LIBRARY = "libc++";
				CLANG_ENABLE_MODULES = YES;
				CLANG_ENABLE_OBJC_ARC = YES;
				CLANG_WARN_BOOL_CONVERSION = YES;
				CLANG_WARN_CONSTANT_CONVERSION = YES;
				CLANG_WARN_DIRECT_OBJC_ISA_USAGE = YES_ERROR;
				CLANG_WARN_EMPTY_BODY = YES;
				CLANG_WARN_ENUM_CONVERSION = YES;
				CLANG_WARN_INT_CONVERSION = YES;
				CLANG_WARN_OBJC_ROOT_CLASS = YES_ERROR;
				CLANG_WARN_UNREACHABLE_CODE = YES;
				CLANG_WARN__DUPLICATE_METHOD_MATCH = YES;
				"CODE_SIGN_IDENTITY[sdk=iphoneos*]" = "iPhone Developer";
				COPY_PHASE_STRIP = NO;
				DEBUG_INFORMATION_FORMAT = dwarf;
				ENABLE_STRICT_OBJC_MSGSEND = YES;
				ENABLE_TESTABILITY = YES;
				GCC_C_LANGUAGE_STANDARD = gnu99;
				GCC_DYNAMIC_NO_PIC = NO;
				GCC_NO_COMMON_BLOCKS = YES;
				GCC_OPTIMIZATION_LEVEL = 0;
				GCC_PREPROCESSOR_DEFINITIONS = (
					"DEBUG=1",
					"$(inherited)",
				);
				GCC_WARN_64_TO_32_BIT_CONVERSION = YES;
				GCC_WARN_ABOUT_RETURN_TYPE = YES_ERROR;
				GCC_WARN_UNDECLARED_SELECTOR = YES;
				GCC_WARN_UNINITIALIZED_AUTOS = YES_AGGRESSIVE;
				GCC_WARN_UNUSED_FUNCTION = YES;
				GCC_WARN_UNUSED_VARIABLE = YES;
				IPHONEOS_DEPLOYMENT_TARGET = 9.3;
				MTL_ENABLE_DEBUG_INFO = YES;
				ONLY_ACTIVE_ARCH = YES;
				SDKROOT = iphoneos;
				SWIFT_OPTIMIZATION_LEVEL = "-Onone";
				TARGETED_DEVICE_FAMILY = "1,2";
			};
			name = Debug;
		};
		542084F81D80E1A0005A2F0A /* Release */ = {
			isa = XCBuildConfiguration;
			buildSettings = {
				ALWAYS_SEARCH_USER_PATHS = NO;
				CLANG_ANALYZER_NONNULL = YES;
				CLANG_CXX_LANGUAGE_STANDARD = "gnu++0x";
				CLANG_CXX_LIBRARY = "libc++";
				CLANG_ENABLE_MODULES = YES;
				CLANG_ENABLE_OBJC_ARC = YES;
				CLANG_WARN_BOOL_CONVERSION = YES;
				CLANG_WARN_CONSTANT_CONVERSION = YES;
				CLANG_WARN_DIRECT_OBJC_ISA_USAGE = YES_ERROR;
				CLANG_WARN_EMPTY_BODY = YES;
				CLANG_WARN_ENUM_CONVERSION = YES;
				CLANG_WARN_INT_CONVERSION = YES;
				CLANG_WARN_OBJC_ROOT_CLASS = YES_ERROR;
				CLANG_WARN_UNREACHABLE_CODE = YES;
				CLANG_WARN__DUPLICATE_METHOD_MATCH = YES;
				"CODE_SIGN_IDENTITY[sdk=iphoneos*]" = "iPhone Developer";
				COPY_PHASE_STRIP = NO;
				DEBUG_INFORMATION_FORMAT = "dwarf-with-dsym";
				ENABLE_NS_ASSERTIONS = NO;
				ENABLE_STRICT_OBJC_MSGSEND = YES;
				GCC_C_LANGUAGE_STANDARD = gnu99;
				GCC_NO_COMMON_BLOCKS = YES;
				GCC_WARN_64_TO_32_BIT_CONVERSION = YES;
				GCC_WARN_ABOUT_RETURN_TYPE = YES_ERROR;
				GCC_WARN_UNDECLARED_SELECTOR = YES;
				GCC_WARN_UNINITIALIZED_AUTOS = YES_AGGRESSIVE;
				GCC_WARN_UNUSED_FUNCTION = YES;
				GCC_WARN_UNUSED_VARIABLE = YES;
				IPHONEOS_DEPLOYMENT_TARGET = 9.3;
				MTL_ENABLE_DEBUG_INFO = NO;
				SDKROOT = iphoneos;
				TARGETED_DEVICE_FAMILY = "1,2";
				VALIDATE_PRODUCT = YES;
			};
			name = Release;
		};
		542084FA1D80E1A0005A2F0A /* Debug */ = {
			isa = XCBuildConfiguration;
			buildSettings = {
				ASSETCATALOG_COMPILER_APPICON_NAME = AppIcon;
				INFOPLIST_FILE = labOne/Info.plist;
				LD_RUNPATH_SEARCH_PATHS = "$(inherited) @executable_path/Frameworks";
				PRODUCT_BUNDLE_IDENTIFIER = CU.labOne;
				PRODUCT_NAME = "$(TARGET_NAME)";
			};
			name = Debug;
		};
		542084FB1D80E1A0005A2F0A /* Release */ = {
			isa = XCBuildConfiguration;
			buildSettings = {
				ASSETCATALOG_COMPILER_APPICON_NAME = AppIcon;
				INFOPLIST_FILE = labOne/Info.plist;
				LD_RUNPATH_SEARCH_PATHS = "$(inherited) @executable_path/Frameworks";
				PRODUCT_BUNDLE_IDENTIFIER = CU.labOne;
				PRODUCT_NAME = "$(TARGET_NAME)";
			};
			name = Release;
		};
		542084FD1D80E1A0005A2F0A /* Debug */ = {
			isa = XCBuildConfiguration;
			buildSettings = {
				BUNDLE_LOADER = "$(TEST_HOST)";
				INFOPLIST_FILE = labOneTests/Info.plist;
				LD_RUNPATH_SEARCH_PATHS = "$(inherited) @executable_path/Frameworks @loader_path/Frameworks";
				PRODUCT_BUNDLE_IDENTIFIER = CU.labOneTests;
				PRODUCT_NAME = "$(TARGET_NAME)";
				TEST_HOST = "$(BUILT_PRODUCTS_DIR)/labOne.app/labOne";
			};
			name = Debug;
		};
		542084FE1D80E1A0005A2F0A /* Release */ = {
			isa = XCBuildConfiguration;
			buildSettings = {
				BUNDLE_LOADER = "$(TEST_HOST)";
				INFOPLIST_FILE = labOneTests/Info.plist;
				LD_RUNPATH_SEARCH_PATHS = "$(inherited) @executable_path/Frameworks @loader_path/Frameworks";
				PRODUCT_BUNDLE_IDENTIFIER = CU.labOneTests;
				PRODUCT_NAME = "$(TARGET_NAME)";
				TEST_HOST = "$(BUILT_PRODUCTS_DIR)/labOne.app/labOne";
			};
			name = Release;
		};
		542085001D80E1A0005A2F0A /* Debug */ = {
			isa = XCBuildConfiguration;
			buildSettings = {
				INFOPLIST_FILE = labOneUITests/Info.plist;
				LD_RUNPATH_SEARCH_PATHS = "$(inherited) @executable_path/Frameworks @loader_path/Frameworks";
				PRODUCT_BUNDLE_IDENTIFIER = CU.labOneUITests;
				PRODUCT_NAME = "$(TARGET_NAME)";
				TEST_TARGET_NAME = labOne;
			};
			name = Debug;
		};
		542085011D80E1A0005A2F0A /* Release */ = {
			isa = XCBuildConfiguration;
			buildSettings = {
				INFOPLIST_FILE = labOneUITests/Info.plist;
				LD_RUNPATH_SEARCH_PATHS = "$(inherited) @executable_path/Frameworks @loader_path/Frameworks";
				PRODUCT_BUNDLE_IDENTIFIER = CU.labOneUITests;
				PRODUCT_NAME = "$(TARGET_NAME)";
				TEST_TARGET_NAME = labOne;
			};
			name = Release;
		};
/* End XCBuildConfiguration section */

/* Begin XCConfigurationList section */
		542084CC1D80E1A0005A2F0A /* Build configuration list for PBXProject "labOne" */ = {
			isa = XCConfigurationList;
			buildConfigurations = (
				542084F71D80E1A0005A2F0A /* Debug */,
				542084F81D80E1A0005A2F0A /* Release */,
			);
			defaultConfigurationIsVisible = 0;
			defaultConfigurationName = Release;
		};
		542084F91D80E1A0005A2F0A /* Build configuration list for PBXNativeTarget "labOne" */ = {
			isa = XCConfigurationList;
			buildConfigurations = (
				542084FA1D80E1A0005A2F0A /* Debug */,
				542084FB1D80E1A0005A2F0A /* Release */,
			);
			defaultConfigurationIsVisible = 0;
		};
		542084FC1D80E1A0005A2F0A /* Build configuration list for PBXNativeTarget "labOneTests" */ = {
			isa = XCConfigurationList;
			buildConfigurations = (
				542084FD1D80E1A0005A2F0A /* Debug */,
				542084FE1D80E1A0005A2F0A /* Release */,
			);
			defaultConfigurationIsVisible = 0;
		};
		542084FF1D80E1A0005A2F0A /* Build configuration list for PBXNativeTarget "labOneUITests" */ = {
			isa = XCConfigurationList;
			buildConfigurations = (
				542085001D80E1A0005A2F0A /* Debug */,
				542085011D80E1A0005A2F0A /* Release */,
			);
			defaultConfigurationIsVisible = 0;
		};
/* End XCConfigurationList section */
	};
	rootObject = 542084C91D80E1A0005A2F0A /* Project object */;
}
